
Microsoft Visual Studio Solution File, Format Version 12.00
# Visual Studio Version 17
VisualStudioVersion = 17.0.31903.59
MinimumVisualStudioVersion = 10.0.40219.1
Project("{FAE04EC0-301F-11D3-BF4B-00C04F79EFBC}") = "LU2-WebApi", "LU2-WebApi\LU2-WebApi.csproj", "{1B1E2F96-048B-4784-9556-B87490625AC1}"
EndProject
Project("{FAE04EC0-301F-11D3-BF4B-00C04F79EFBC}") = "LU2-WebApi.Tests", "LU2-WebApi.Tests\LU2-WebApi.Tests.csproj", "{98169009-E90E-4651-AA6E-33D408841E81}"
EndProject
Project("{FAE04EC0-301F-11D3-BF4B-00C04F79EFBC}") = "PasswordHasher", "PasswordHasher\PasswordHasher.csproj", "{44F225F1-F602-43A7-ACDC-133A20422540}"
EndProject
Project("{FAE04EC0-301F-11D3-BF4B-00C04F79EFBC}") = "Assembly-CSharp", "LU2-Unity\Assembly-CSharp.csproj", "{287F1286-643C-E8F1-7082-80916FDDC35A}"
EndProject
Global
	GlobalSection(SolutionConfigurationPlatforms) = preSolution
		Debug|Any CPU = Debug|Any CPU
		Release|Any CPU = Release|Any CPU
	EndGlobalSection
	GlobalSection(ProjectConfigurationPlatforms) = postSolution
		{1B1E2F96-048B-4784-9556-B87490625AC1}.Debug|Any CPU.ActiveCfg = Debug|Any CPU
		{1B1E2F96-048B-4784-9556-B87490625AC1}.Debug|Any CPU.Build.0 = Debug|Any CPU
		{1B1E2F96-048B-4784-9556-B87490625AC1}.Release|Any CPU.ActiveCfg = Release|Any CPU
		{1B1E2F96-048B-4784-9556-B87490625AC1}.Release|Any CPU.Build.0 = Release|Any CPU
		{98169009-E90E-4651-AA6E-33D408841E81}.Debug|Any CPU.ActiveCfg = Debug|Any CPU
		{98169009-E90E-4651-AA6E-33D408841E81}.Debug|Any CPU.Build.0 = Debug|Any CPU
		{98169009-E90E-4651-AA6E-33D408841E81}.Release|Any CPU.ActiveCfg = Release|Any CPU
		{98169009-E90E-4651-AA6E-33D408841E81}.Release|Any CPU.Build.0 = Release|Any CPU
		{44F225F1-F602-43A7-ACDC-133A20422540}.Debug|Any CPU.ActiveCfg = Debug|Any CPU
		{44F225F1-F602-43A7-ACDC-133A20422540}.Debug|Any CPU.Build.0 = Debug|Any CPU
		{44F225F1-F602-43A7-ACDC-133A20422540}.Release|Any CPU.ActiveCfg = Release|Any CPU
		{44F225F1-F602-43A7-ACDC-133A20422540}.Release|Any CPU.Build.0 = Release|Any CPU
		{287F1286-643C-E8F1-7082-80916FDDC35A}.Debug|Any CPU.ActiveCfg = Debug|Any CPU
		{287F1286-643C-E8F1-7082-80916FDDC35A}.Debug|Any CPU.Build.0 = Debug|Any CPU
		{287F1286-643C-E8F1-7082-80916FDDC35A}.Release|Any CPU.ActiveCfg = Release|Any CPU
		{287F1286-643C-E8F1-7082-80916FDDC35A}.Release|Any CPU.Build.0 = Release|Any CPU
	EndGlobalSection
	GlobalSection(SolutionProperties) = preSolution
		HideSolutionNode = FALSE
	EndGlobalSection
EndGlobal
